{
  "version": "3",
  "packages": {
    "specifiers": {
      "npm:schema-dts@^1.1.2": "npm:schema-dts@1.1.2_typescript@5.4.5"
    },
    "npm": {
      "schema-dts@1.1.2_typescript@5.4.5": {
        "integrity": "sha512-MpNwH0dZJHinVxk9bT8XUdjKTxMYrA5bLtrrGmFA6PTLwlOKnhi67XoRd6/ty+Djt6ZC0slR57qFhZDNMI6DhQ==",
        "dependencies": {
          "typescript": "typescript@5.4.5"
        }
      },
      "typescript@5.4.5": {
        "integrity": "sha512-vcI4UpRgg81oIRUFwR0WSIHKt11nJ7SAVlYNIu+QpqeyXP+gpQJy/Z4+F0aGxSE4MqwjyXvW/TzgkLAx2AGHwQ==",
        "dependencies": {}
      }
    }
  },
  "remote": {},
  "workspace": {
    "dependencies": [
      "npm:schema-dts@^1.1.2"
    ]
  }
}
